
Microsoft Visual Studio Solution File, Format Version 12.00
# Visual Studio 2012
Project("{8BC9CEB8-8B4A-11D0-8D11-00A0C91BC942}") = "ConsoleApplication1", "ConsoleApplication1\ConsoleApplication1.vcxproj", "{505B3196-CFB9-4280-9BB6-F49A3FEBF61F}"
EndProject
Global
	GlobalSection(SolutionConfigurationPlatforms) = preSolution
		Debug|Win32 = Debug|Win32
		Release|Win32 = Release|Win32
	EndGlobalSection
	GlobalSection(ProjectConfigurationPlatforms) = postSolution
		{505B3196-CFB9-4280-9BB6-F49A3FEBF61F}.Debug|Win32.ActiveCfg = Debug|Win32
		{505B3196-CFB9-4280-9BB6-F49A3FEBF61F}.Debug|Win32.Build.0 = Debug|Win32
		{505B3196-CFB9-4280-9BB6-F49A3FEBF61F}.Release|Win32.ActiveCfg = Release|Win32
		{505B3196-CFB9-4280-9BB6-F49A3FEBF61F}.Release|Win32.Build.0 = Release|Win32
	EndGlobalSection
	GlobalSection(SolutionProperties) = preSolution
		HideSolutionNode = FALSE
	EndGlobalSection
EndGlobal
